// !$*UTF8*$!
{
	archiveVersion = 1;
	classes = {
	};
	objectVersion = 56;
	objects = {

/* Begin PBXBuildFile section */
		5A003D2D2968F2230041F1AB /* AppDirectories.swift in Sources */ = {isa = PBXBuildFile; fileRef = 5A003D2C2968F2230041F1AB /* AppDirectories.swift */; };
		5A0AC5FA293D47970071CCF3 /* Credits.swift in Sources */ = {isa = PBXBuildFile; fileRef = 5A0AC5F9293D47970071CCF3 /* Credits.swift */; };
		5A0AC5FC293D4C340071CCF3 /* AColor.swift in Sources */ = {isa = PBXBuildFile; fileRef = 5A0AC5FB293D4C340071CCF3 /* AColor.swift */; };
		5A0AC601293D53190071CCF3 /* ResultViewController.swift in Sources */ = {isa = PBXBuildFile; fileRef = 5A0AC600293D53190071CCF3 /* ResultViewController.swift */; };
		5A17DAAD29456C8D008D4249 /* MarvelObjects.swift in Sources */ = {isa = PBXBuildFile; fileRef = 5A17DAAC29456C8C008D4249 /* MarvelObjects.swift */; };
		5A384660293D6681008804EC /* APIKey.swift in Sources */ = {isa = PBXBuildFile; fileRef = 5A38465F293D6681008804EC /* APIKey.swift */; };
		5A468888296B7FE100221E44 /* DatabaseManager.swift in Sources */ = {isa = PBXBuildFile; fileRef = 5A468887296B7FE100221E44 /* DatabaseManager.swift */; };
		5A46888B296B9EEB00221E44 /* ResultViewAssistant.swift in Sources */ = {isa = PBXBuildFile; fileRef = 5A46888A296B9EEB00221E44 /* ResultViewAssistant.swift */; };
		5A46888D296BB3B600221E44 /* SearchViewAssistant.swift in Sources */ = {isa = PBXBuildFile; fileRef = 5A46888C296BB3B600221E44 /* SearchViewAssistant.swift */; };
		5A46888F296BB7BA00221E44 /* WelcomeViewAssistant.swift in Sources */ = {isa = PBXBuildFile; fileRef = 5A46888E296BB7BA00221E44 /* WelcomeViewAssistant.swift */; };
		5A5D4D902948B62D00886198 /* WelcomeViewController.swift in Sources */ = {isa = PBXBuildFile; fileRef = 5A5D4D8F2948B62D00886198 /* WelcomeViewController.swift */; };
		5A64C5F5293BD0C10057804B /* AppDelegate.swift in Sources */ = {isa = PBXBuildFile; fileRef = 5A64C5F4293BD0C10057804B /* AppDelegate.swift */; };
		5A64C5F7293BD0C10057804B /* SceneDelegate.swift in Sources */ = {isa = PBXBuildFile; fileRef = 5A64C5F6293BD0C10057804B /* SceneDelegate.swift */; };
		5A64C5F9293BD0C10057804B /* SearchViewController.swift in Sources */ = {isa = PBXBuildFile; fileRef = 5A64C5F8293BD0C10057804B /* SearchViewController.swift */; };
		5A64C5FF293BD0C10057804B /* MarvelAppDatabase.xcdatamodeld in Sources */ = {isa = PBXBuildFile; fileRef = 5A64C5FD293BD0C10057804B /* MarvelAppDatabase.xcdatamodeld */; };
		5A64C601293BD0C20057804B /* Assets.xcassets in Resources */ = {isa = PBXBuildFile; fileRef = 5A64C600293BD0C20057804B /* Assets.xcassets */; };
		5A64C604293BD0C20057804B /* LaunchScreen.storyboard in Resources */ = {isa = PBXBuildFile; fileRef = 5A64C602293BD0C20057804B /* LaunchScreen.storyboard */; };
		5A64C612293BF07B0057804B /* AFont.swift in Sources */ = {isa = PBXBuildFile; fileRef = 5A64C611293BF07B0057804B /* AFont.swift */; };
		5AA03332293D8589005363FF /* CSize.swift in Sources */ = {isa = PBXBuildFile; fileRef = 5AA03331293D8589005363FF /* CSize.swift */; };
		5AB068C5293EDFC000495A44 /* MarvelAPIManager.swift in Sources */ = {isa = PBXBuildFile; fileRef = 5AB068C4293EDFC000495A44 /* MarvelAPIManager.swift */; };
		5AB068C7293EE00800495A44 /* ResearchRequest.swift in Sources */ = {isa = PBXBuildFile; fileRef = 5AB068C6293EE00800495A44 /* ResearchRequest.swift */; };
		5AB068C9293EE10A00495A44 /* MarvelEntity.swift in Sources */ = {isa = PBXBuildFile; fileRef = 5AB068C8293EE10900495A44 /* MarvelEntity.swift */; };
		5AB068CB293EE12000495A44 /* MarvelAttribute.swift in Sources */ = {isa = PBXBuildFile; fileRef = 5AB068CA293EE12000495A44 /* MarvelAttribute.swift */; };
		5AB068D8293EEB2F00495A44 /* MarvelURLManager.swift in Sources */ = {isa = PBXBuildFile; fileRef = 5AB068D7293EEB2F00495A44 /* MarvelURLManager.swift */; };
		5AB068DB293EFB6700495A44 /* Ext_UIImageView.swift in Sources */ = {isa = PBXBuildFile; fileRef = 5AB068DA293EFB6700495A44 /* Ext_UIImageView.swift */; };
		5ABD1244294EA400003E3730 /* Ext_UIViewController.swift in Sources */ = {isa = PBXBuildFile; fileRef = 5ABD1243294EA400003E3730 /* Ext_UIViewController.swift */; };
/* End PBXBuildFile section */

/* Begin PBXFileReference section */
		5A003D2C2968F2230041F1AB /* AppDirectories.swift */ = {isa = PBXFileReference; lastKnownFileType = sourcecode.swift; path = AppDirectories.swift; sourceTree = "<group>"; };
		5A0AC5F9293D47970071CCF3 /* Credits.swift */ = {isa = PBXFileReference; lastKnownFileType = sourcecode.swift; path = Credits.swift; sourceTree = "<group>"; };
		5A0AC5FB293D4C340071CCF3 /* AColor.swift */ = {isa = PBXFileReference; lastKnownFileType = sourcecode.swift; path = AColor.swift; sourceTree = "<group>"; };
		5A0AC600293D53190071CCF3 /* ResultViewController.swift */ = {isa = PBXFileReference; lastKnownFileType = sourcecode.swift; path = ResultViewController.swift; sourceTree = "<group>"; };
		5A17DAAC29456C8C008D4249 /* MarvelObjects.swift */ = {isa = PBXFileReference; lastKnownFileType = sourcecode.swift; path = MarvelObjects.swift; sourceTree = "<group>"; };
		5A1F8E7E294168F200F6779E /* ApiKeysConfig.xcconfig */ = {isa = PBXFileReference; lastKnownFileType = text.xcconfig; path = ApiKeysConfig.xcconfig; sourceTree = "<group>"; };
		5A38465F293D6681008804EC /* APIKey.swift */ = {isa = PBXFileReference; lastKnownFileType = sourcecode.swift; path = APIKey.swift; sourceTree = "<group>"; };
		5A468887296B7FE100221E44 /* DatabaseManager.swift */ = {isa = PBXFileReference; lastKnownFileType = sourcecode.swift; path = DatabaseManager.swift; sourceTree = "<group>"; };
		5A46888A296B9EEB00221E44 /* ResultViewAssistant.swift */ = {isa = PBXFileReference; lastKnownFileType = sourcecode.swift; path = ResultViewAssistant.swift; sourceTree = "<group>"; };
		5A46888C296BB3B600221E44 /* SearchViewAssistant.swift */ = {isa = PBXFileReference; lastKnownFileType = sourcecode.swift; path = SearchViewAssistant.swift; sourceTree = "<group>"; };
		5A46888E296BB7BA00221E44 /* WelcomeViewAssistant.swift */ = {isa = PBXFileReference; lastKnownFileType = sourcecode.swift; path = WelcomeViewAssistant.swift; sourceTree = "<group>"; };
		5A5D4D8F2948B62D00886198 /* WelcomeViewController.swift */ = {isa = PBXFileReference; lastKnownFileType = sourcecode.swift; path = WelcomeViewController.swift; sourceTree = "<group>"; };
		5A64C5F1293BD0C10057804B /* MyMarvelApp_FC.app */ = {isa = PBXFileReference; explicitFileType = wrapper.application; includeInIndex = 0; path = MyMarvelApp_FC.app; sourceTree = BUILT_PRODUCTS_DIR; };
		5A64C5F4293BD0C10057804B /* AppDelegate.swift */ = {isa = PBXFileReference; lastKnownFileType = sourcecode.swift; path = AppDelegate.swift; sourceTree = "<group>"; };
		5A64C5F6293BD0C10057804B /* SceneDelegate.swift */ = {isa = PBXFileReference; lastKnownFileType = sourcecode.swift; path = SceneDelegate.swift; sourceTree = "<group>"; };
		5A64C5F8293BD0C10057804B /* SearchViewController.swift */ = {isa = PBXFileReference; lastKnownFileType = sourcecode.swift; path = SearchViewController.swift; sourceTree = "<group>"; };
		5A64C5FE293BD0C10057804B /* MyMarvelApp_FC.xcdatamodel */ = {isa = PBXFileReference; lastKnownFileType = wrapper.xcdatamodel; path = MyMarvelApp_FC.xcdatamodel; sourceTree = "<group>"; };
		5A64C600293BD0C20057804B /* Assets.xcassets */ = {isa = PBXFileReference; lastKnownFileType = folder.assetcatalog; path = Assets.xcassets; sourceTree = "<group>"; };
		5A64C603293BD0C20057804B /* Base */ = {isa = PBXFileReference; lastKnownFileType = file.storyboard; name = Base; path = Base.lproj/LaunchScreen.storyboard; sourceTree = "<group>"; };
		5A64C605293BD0C20057804B /* Info.plist */ = {isa = PBXFileReference; lastKnownFileType = text.plist.xml; path = Info.plist; sourceTree = "<group>"; };
		5A64C611293BF07B0057804B /* AFont.swift */ = {isa = PBXFileReference; lastKnownFileType = sourcecode.swift; path = AFont.swift; sourceTree = "<group>"; };
		5AA03331293D8589005363FF /* CSize.swift */ = {isa = PBXFileReference; lastKnownFileType = sourcecode.swift; path = CSize.swift; sourceTree = "<group>"; };
		5AB068C4293EDFC000495A44 /* MarvelAPIManager.swift */ = {isa = PBXFileReference; lastKnownFileType = sourcecode.swift; path = MarvelAPIManager.swift; sourceTree = "<group>"; };
		5AB068C6293EE00800495A44 /* ResearchRequest.swift */ = {isa = PBXFileReference; lastKnownFileType = sourcecode.swift; path = ResearchRequest.swift; sourceTree = "<group>"; };
		5AB068C8293EE10900495A44 /* MarvelEntity.swift */ = {isa = PBXFileReference; lastKnownFileType = sourcecode.swift; path = MarvelEntity.swift; sourceTree = "<group>"; };
		5AB068CA293EE12000495A44 /* MarvelAttribute.swift */ = {isa = PBXFileReference; lastKnownFileType = sourcecode.swift; path = MarvelAttribute.swift; sourceTree = "<group>"; };
		5AB068D7293EEB2F00495A44 /* MarvelURLManager.swift */ = {isa = PBXFileReference; lastKnownFileType = sourcecode.swift; path = MarvelURLManager.swift; sourceTree = "<group>"; };
		5AB068DA293EFB6700495A44 /* Ext_UIImageView.swift */ = {isa = PBXFileReference; lastKnownFileType = sourcecode.swift; path = Ext_UIImageView.swift; sourceTree = "<group>"; };
		5ABD1243294EA400003E3730 /* Ext_UIViewController.swift */ = {isa = PBXFileReference; lastKnownFileType = sourcecode.swift; path = Ext_UIViewController.swift; sourceTree = "<group>"; };
/* End PBXFileReference section */

/* Begin PBXFrameworksBuildPhase section */
		5A64C5EE293BD0C10057804B /* Frameworks */ = {
			isa = PBXFrameworksBuildPhase;
			buildActionMask = 2147483647;
			files = (
			);
			runOnlyForDeploymentPostprocessing = 0;
		};
/* End PBXFrameworksBuildPhase section */

/* Begin PBXGroup section */
		5A003D2B2968F1150041F1AB /* API Key Registration Controllers */ = {
			isa = PBXGroup;
			children = (
				5A5D4D8F2948B62D00886198 /* WelcomeViewController.swift */,
			);
			path = "API Key Registration Controllers";
			sourceTree = "<group>";
		};
		5A003D312968FEFA0041F1AB /* API Key Registration Views */ = {
			isa = PBXGroup;
			children = (
				5A46888E296BB7BA00221E44 /* WelcomeViewAssistant.swift */,
			);
			path = "API Key Registration Views";
			sourceTree = "<group>";
		};
		5A0AC5FD293D4EE60071CCF3 /* AssetsConstants */ = {
			isa = PBXGroup;
			children = (
				5A64C611293BF07B0057804B /* AFont.swift */,
				5A0AC5FB293D4C340071CCF3 /* AColor.swift */,
			);
			path = AssetsConstants;
			sourceTree = "<group>";
		};
		5A2FB9A4293C2B400096FEE4 /* Fonts */ = {
			isa = PBXGroup;
			children = (
			);
			path = Fonts;
			sourceTree = "<group>";
		};
		5A468886296B7FBD00221E44 /* Database Models */ = {
			isa = PBXGroup;
			children = (
				5A468887296B7FE100221E44 /* DatabaseManager.swift */,
				5A64C5FD293BD0C10057804B /* MarvelAppDatabase.xcdatamodeld */,
			);
			path = "Database Models";
			sourceTree = "<group>";
		};
		5A64C5E8293BD0C10057804B = {
			isa = PBXGroup;
			children = (
				5A64C5F3293BD0C10057804B /* MyMarvelApp_FC */,
				5A64C5F2293BD0C10057804B /* Products */,
			);
			sourceTree = "<group>";
		};
		5A64C5F2293BD0C10057804B /* Products */ = {
			isa = PBXGroup;
			children = (
				5A64C5F1293BD0C10057804B /* MyMarvelApp_FC.app */,
			);
			name = Products;
			sourceTree = "<group>";
		};
		5A64C5F3293BD0C10057804B /* MyMarvelApp_FC */ = {
			isa = PBXGroup;
			children = (
				5A64C60B293BD0D00057804B /* ApplicationFiles */,
				5AB068D9293EFB4D00495A44 /* UIKit Extensions */,
				5AB068CC293EE1BE00495A44 /* Enumerations */,
				5A64C610293BD1500057804B /* Constants */,
				5A64C60D293BD0FF0057804B /* Models */,
				5A64C60E293BD1060057804B /* Views */,
				5A64C60F293BD11B0057804B /* Controllers */,
				5A64C615293BF0FA0057804B /* Assets */,
				5A64C605293BD0C20057804B /* Info.plist */,
				5A64C602293BD0C20057804B /* LaunchScreen.storyboard */,
				5A1F8E7E294168F200F6779E /* ApiKeysConfig.xcconfig */,
			);
			path = MyMarvelApp_FC;
			sourceTree = "<group>";
		};
		5A64C60B293BD0D00057804B /* ApplicationFiles */ = {
			isa = PBXGroup;
			children = (
				5A64C5F4293BD0C10057804B /* AppDelegate.swift */,
				5A64C5F6293BD0C10057804B /* SceneDelegate.swift */,
				5A003D2C2968F2230041F1AB /* AppDirectories.swift */,
			);
			path = ApplicationFiles;
			sourceTree = "<group>";
		};
		5A64C60D293BD0FF0057804B /* Models */ = {
			isa = PBXGroup;
			children = (
				5A468886296B7FBD00221E44 /* Database Models */,
				5AB068D6293EEB0D00495A44 /* MarvelManagers */,
				5A17DAAC29456C8C008D4249 /* MarvelObjects.swift */,
				5AB068C6293EE00800495A44 /* ResearchRequest.swift */,
			);
			path = Models;
			sourceTree = "<group>";
		};
		5A64C60E293BD1060057804B /* Views */ = {
			isa = PBXGroup;
			children = (
				5A003D312968FEFA0041F1AB /* API Key Registration Views */,
				5A46888C296BB3B600221E44 /* SearchViewAssistant.swift */,
				5A46888A296B9EEB00221E44 /* ResultViewAssistant.swift */,
			);
			path = Views;
			sourceTree = "<group>";
		};
		5A64C60F293BD11B0057804B /* Controllers */ = {
			isa = PBXGroup;
			children = (
				5A003D2B2968F1150041F1AB /* API Key Registration Controllers */,
				5A64C5F8293BD0C10057804B /* SearchViewController.swift */,
				5A0AC600293D53190071CCF3 /* ResultViewController.swift */,
			);
			path = Controllers;
			sourceTree = "<group>";
		};
		5A64C610293BD1500057804B /* Constants */ = {
			isa = PBXGroup;
			children = (
				5A0AC5FD293D4EE60071CCF3 /* AssetsConstants */,
				5A38465F293D6681008804EC /* APIKey.swift */,
				5A0AC5F9293D47970071CCF3 /* Credits.swift */,
				5AA03331293D8589005363FF /* CSize.swift */,
			);
			path = Constants;
			sourceTree = "<group>";
		};
		5A64C615293BF0FA0057804B /* Assets */ = {
			isa = PBXGroup;
			children = (
				5A2FB9A4293C2B400096FEE4 /* Fonts */,
				5A64C600293BD0C20057804B /* Assets.xcassets */,
			);
			path = Assets;
			sourceTree = "<group>";
		};
		5AB068CC293EE1BE00495A44 /* Enumerations */ = {
			isa = PBXGroup;
			children = (
				5AB068CA293EE12000495A44 /* MarvelAttribute.swift */,
				5AB068C8293EE10900495A44 /* MarvelEntity.swift */,
			);
			path = Enumerations;
			sourceTree = "<group>";
		};
		5AB068D6293EEB0D00495A44 /* MarvelManagers */ = {
			isa = PBXGroup;
			children = (
				5AB068C4293EDFC000495A44 /* MarvelAPIManager.swift */,
				5AB068D7293EEB2F00495A44 /* MarvelURLManager.swift */,
			);
			path = MarvelManagers;
			sourceTree = "<group>";
		};
		5AB068D9293EFB4D00495A44 /* UIKit Extensions */ = {
			isa = PBXGroup;
			children = (
				5AB068DA293EFB6700495A44 /* Ext_UIImageView.swift */,
				5ABD1243294EA400003E3730 /* Ext_UIViewController.swift */,
			);
			path = "UIKit Extensions";
			sourceTree = "<group>";
		};
/* End PBXGroup section */

/* Begin PBXNativeTarget section */
		5A64C5F0293BD0C10057804B /* MyMarvelApp_FC */ = {
			isa = PBXNativeTarget;
			buildConfigurationList = 5A64C608293BD0C20057804B /* Build configuration list for PBXNativeTarget "MyMarvelApp_FC" */;
			buildPhases = (
				5A64C5ED293BD0C10057804B /* Sources */,
				5A64C5EE293BD0C10057804B /* Frameworks */,
				5A64C5EF293BD0C10057804B /* Resources */,
			);
			buildRules = (
			);
			dependencies = (
			);
			name = MyMarvelApp_FC;
			productName = MyMarvelApp_FC;
			productReference = 5A64C5F1293BD0C10057804B /* MyMarvelApp_FC.app */;
			productType = "com.apple.product-type.application";
		};
/* End PBXNativeTarget section */

/* Begin PBXProject section */
		5A64C5E9293BD0C10057804B /* Project object */ = {
			isa = PBXProject;
			attributes = {
				BuildIndependentTargetsInParallel = 1;
				LastSwiftUpdateCheck = 1410;
				LastUpgradeCheck = 1410;
				TargetAttributes = {
					5A64C5F0293BD0C10057804B = {
						CreatedOnToolsVersion = 14.1;
					};
				};
			};
			buildConfigurationList = 5A64C5EC293BD0C10057804B /* Build configuration list for PBXProject "MyMarvelApp_FC" */;
			compatibilityVersion = "Xcode 14.0";
			developmentRegion = en;
			hasScannedForEncodings = 0;
			knownRegions = (
				en,
				Base,
			);
			mainGroup = 5A64C5E8293BD0C10057804B;
			productRefGroup = 5A64C5F2293BD0C10057804B /* Products */;
			projectDirPath = "";
			projectRoot = "";
			targets = (
				5A64C5F0293BD0C10057804B /* MyMarvelApp_FC */,
			);
		};
/* End PBXProject section */

/* Begin PBXResourcesBuildPhase section */
		5A64C5EF293BD0C10057804B /* Resources */ = {
			isa = PBXResourcesBuildPhase;
			buildActionMask = 2147483647;
			files = (
				5A64C604293BD0C20057804B /* LaunchScreen.storyboard in Resources */,
				5A64C601293BD0C20057804B /* Assets.xcassets in Resources */,
			);
			runOnlyForDeploymentPostprocessing = 0;
		};
/* End PBXResourcesBuildPhase section */

/* Begin PBXSourcesBuildPhase section */
		5A64C5ED293BD0C10057804B /* Sources */ = {
			isa = PBXSourcesBuildPhase;
			buildActionMask = 2147483647;
			files = (
				5A5D4D902948B62D00886198 /* WelcomeViewController.swift in Sources */,
				5AB068CB293EE12000495A44 /* MarvelAttribute.swift in Sources */,
				5A64C5F9293BD0C10057804B /* SearchViewController.swift in Sources */,
				5A0AC5FC293D4C340071CCF3 /* AColor.swift in Sources */,
				5AB068C5293EDFC000495A44 /* MarvelAPIManager.swift in Sources */,
				5A64C5FF293BD0C10057804B /* MarvelAppDatabase.xcdatamodeld in Sources */,
				5AB068DB293EFB6700495A44 /* Ext_UIImageView.swift in Sources */,
				5A64C612293BF07B0057804B /* AFont.swift in Sources */,
				5AB068D8293EEB2F00495A44 /* MarvelURLManager.swift in Sources */,
				5AA03332293D8589005363FF /* CSize.swift in Sources */,
				5A64C5F5293BD0C10057804B /* AppDelegate.swift in Sources */,
				5A64C5F7293BD0C10057804B /* SceneDelegate.swift in Sources */,
				5A0AC5FA293D47970071CCF3 /* Credits.swift in Sources */,
				5AB068C9293EE10A00495A44 /* MarvelEntity.swift in Sources */,
				5A003D2D2968F2230041F1AB /* AppDirectories.swift in Sources */,
				5A468888296B7FE100221E44 /* DatabaseManager.swift in Sources */,
				5ABD1244294EA400003E3730 /* Ext_UIViewController.swift in Sources */,
				5A46888B296B9EEB00221E44 /* ResultViewAssistant.swift in Sources */,
				5A384660293D6681008804EC /* APIKey.swift in Sources */,
				5A17DAAD29456C8D008D4249 /* MarvelObjects.swift in Sources */,
				5A0AC601293D53190071CCF3 /* ResultViewController.swift in Sources */,
				5AB068C7293EE00800495A44 /* ResearchRequest.swift in Sources */,
				5A46888F296BB7BA00221E44 /* WelcomeViewAssistant.swift in Sources */,
				5A46888D296BB3B600221E44 /* SearchViewAssistant.swift in Sources */,
			);
			runOnlyForDeploymentPostprocessing = 0;
		};
/* End PBXSourcesBuildPhase section */

/* Begin PBXVariantGroup section */
		5A64C602293BD0C20057804B /* LaunchScreen.storyboard */ = {
			isa = PBXVariantGroup;
			children = (
				5A64C603293BD0C20057804B /* Base */,
			);
			name = LaunchScreen.storyboard;
			sourceTree = "<group>";
		};
/* End PBXVariantGroup section */

/* Begin XCBuildConfiguration section */
		5A64C606293BD0C20057804B /* Debug */ = {
			isa = XCBuildConfiguration;
			baseConfigurationReference = 5A1F8E7E294168F200F6779E /* ApiKeysConfig.xcconfig */;
			buildSettings = {
				ALWAYS_SEARCH_USER_PATHS = NO;
				CLANG_ANALYZER_NONNULL = YES;
				CLANG_ANALYZER_NUMBER_OBJECT_CONVERSION = YES_AGGRESSIVE;
				CLANG_CXX_LANGUAGE_STANDARD = "gnu++20";
				CLANG_ENABLE_MODULES = YES;
				CLANG_ENABLE_OBJC_ARC = YES;
				CLANG_ENABLE_OBJC_WEAK = YES;
				CLANG_WARN_BLOCK_CAPTURE_AUTORELEASING = YES;
				CLANG_WARN_BOOL_CONVERSION = YES;
				CLANG_WARN_COMMA = YES;
				CLANG_WARN_CONSTANT_CONVERSION = YES;
				CLANG_WARN_DEPRECATED_OBJC_IMPLEMENTATIONS = YES;
				CLANG_WARN_DIRECT_OBJC_ISA_USAGE = YES_ERROR;
				CLANG_WARN_DOCUMENTATION_COMMENTS = YES;
				CLANG_WARN_EMPTY_BODY = YES;
				CLANG_WARN_ENUM_CONVERSION = YES;
				CLANG_WARN_INFINITE_RECURSION = YES;
				CLANG_WARN_INT_CONVERSION = YES;
				CLANG_WARN_NON_LITERAL_NULL_CONVERSION = YES;
				CLANG_WARN_OBJC_IMPLICIT_RETAIN_SELF = YES;
				CLANG_WARN_OBJC_LITERAL_CONVERSION = YES;
				CLANG_WARN_OBJC_ROOT_CLASS = YES_ERROR;
				CLANG_WARN_QUOTED_INCLUDE_IN_FRAMEWORK_HEADER = YES;
				CLANG_WARN_RANGE_LOOP_ANALYSIS = YES;
				CLANG_WARN_STRICT_PROTOTYPES = YES;
				CLANG_WARN_SUSPICIOUS_MOVE = YES;
				CLANG_WARN_UNGUARDED_AVAILABILITY = YES_AGGRESSIVE;
				CLANG_WARN_UNREACHABLE_CODE = YES;
				CLANG_WARN__DUPLICATE_METHOD_MATCH = YES;
				COPY_PHASE_STRIP = NO;
				DEBUG_INFORMATION_FORMAT = dwarf;
				ENABLE_STRICT_OBJC_MSGSEND = YES;
				ENABLE_TESTABILITY = YES;
				GCC_C_LANGUAGE_STANDARD = gnu11;
				GCC_DYNAMIC_NO_PIC = NO;
				GCC_NO_COMMON_BLOCKS = YES;
				GCC_OPTIMIZATION_LEVEL = 0;
				GCC_PREPROCESSOR_DEFINITIONS = (
					"DEBUG=1",
					"$(inherited)",
				);
				GCC_WARN_64_TO_32_BIT_CONVERSION = YES;
				GCC_WARN_ABOUT_RETURN_TYPE = YES_ERROR;
				GCC_WARN_UNDECLARED_SELECTOR = YES;
				GCC_WARN_UNINITIALIZED_AUTOS = YES_AGGRESSIVE;
				GCC_WARN_UNUSED_FUNCTION = YES;
				GCC_WARN_UNUSED_VARIABLE = YES;
				IPHONEOS_DEPLOYMENT_TARGET = 16.1;
				MTL_ENABLE_DEBUG_INFO = INCLUDE_SOURCE;
				MTL_FAST_MATH = YES;
				ONLY_ACTIVE_ARCH = YES;
				SDKROOT = iphoneos;
				SWIFT_ACTIVE_COMPILATION_CONDITIONS = DEBUG;
				SWIFT_OPTIMIZATION_LEVEL = "-Onone";
			};
			name = Debug;
		};
		5A64C607293BD0C20057804B /* Release */ = {
			isa = XCBuildConfiguration;
			baseConfigurationReference = 5A1F8E7E294168F200F6779E /* ApiKeysConfig.xcconfig */;
			buildSettings = {
				ALWAYS_SEARCH_USER_PATHS = NO;
				CLANG_ANALYZER_NONNULL = YES;
				CLANG_ANALYZER_NUMBER_OBJECT_CONVERSION = YES_AGGRESSIVE;
				CLANG_CXX_LANGUAGE_STANDARD = "gnu++20";
				CLANG_ENABLE_MODULES = YES;
				CLANG_ENABLE_OBJC_ARC = YES;
				CLANG_ENABLE_OBJC_WEAK = YES;
				CLANG_WARN_BLOCK_CAPTURE_AUTORELEASING = YES;
				CLANG_WARN_BOOL_CONVERSION = YES;
				CLANG_WARN_COMMA = YES;
				CLANG_WARN_CONSTANT_CONVERSION = YES;
				CLANG_WARN_DEPRECATED_OBJC_IMPLEMENTATIONS = YES;
				CLANG_WARN_DIRECT_OBJC_ISA_USAGE = YES_ERROR;
				CLANG_WARN_DOCUMENTATION_COMMENTS = YES;
				CLANG_WARN_EMPTY_BODY = YES;
				CLANG_WARN_ENUM_CONVERSION = YES;
				CLANG_WARN_INFINITE_RECURSION = YES;
				CLANG_WARN_INT_CONVERSION = YES;
				CLANG_WARN_NON_LITERAL_NULL_CONVERSION = YES;
				CLANG_WARN_OBJC_IMPLICIT_RETAIN_SELF = YES;
				CLANG_WARN_OBJC_LITERAL_CONVERSION = YES;
				CLANG_WARN_OBJC_ROOT_CLASS = YES_ERROR;
				CLANG_WARN_QUOTED_INCLUDE_IN_FRAMEWORK_HEADER = YES;
				CLANG_WARN_RANGE_LOOP_ANALYSIS = YES;
				CLANG_WARN_STRICT_PROTOTYPES = YES;
				CLANG_WARN_SUSPICIOUS_MOVE = YES;
				CLANG_WARN_UNGUARDED_AVAILABILITY = YES_AGGRESSIVE;
				CLANG_WARN_UNREACHABLE_CODE = YES;
				CLANG_WARN__DUPLICATE_METHOD_MATCH = YES;
				COPY_PHASE_STRIP = NO;
				DEBUG_INFORMATION_FORMAT = "dwarf-with-dsym";
				ENABLE_NS_ASSERTIONS = NO;
				ENABLE_STRICT_OBJC_MSGSEND = YES;
				GCC_C_LANGUAGE_STANDARD = gnu11;
				GCC_NO_COMMON_BLOCKS = YES;
				GCC_WARN_64_TO_32_BIT_CONVERSION = YES;
				GCC_WARN_ABOUT_RETURN_TYPE = YES_ERROR;
				GCC_WARN_UNDECLARED_SELECTOR = YES;
				GCC_WARN_UNINITIALIZED_AUTOS = YES_AGGRESSIVE;
				GCC_WARN_UNUSED_FUNCTION = YES;
				GCC_WARN_UNUSED_VARIABLE = YES;
				IPHONEOS_DEPLOYMENT_TARGET = 16.1;
				MTL_ENABLE_DEBUG_INFO = NO;
				MTL_FAST_MATH = YES;
				SDKROOT = iphoneos;
				SWIFT_COMPILATION_MODE = wholemodule;
				SWIFT_OPTIMIZATION_LEVEL = "-O";
				VALIDATE_PRODUCT = YES;
			};
			name = Release;
		};
		5A64C609293BD0C20057804B /* Debug */ = {
			isa = XCBuildConfiguration;
			buildSettings = {
				ASSETCATALOG_COMPILER_APPICON_NAME = AppIcon;
				ASSETCATALOG_COMPILER_GLOBAL_ACCENT_COLOR_NAME = AccentColor;
				CODE_SIGN_STYLE = Automatic;
				CURRENT_PROJECT_VERSION = 1;
				DEVELOPMENT_TEAM = 33YN7VB9QF;
				GENERATE_INFOPLIST_FILE = YES;
				INFOPLIST_FILE = MyMarvelApp_FC/Info.plist;
				INFOPLIST_KEY_UIApplicationSupportsIndirectInputEvents = YES;
				INFOPLIST_KEY_UILaunchStoryboardName = LaunchScreen;
				INFOPLIST_KEY_UISupportedInterfaceOrientations_iPad = "UIInterfaceOrientationPortrait UIInterfaceOrientationPortraitUpsideDown UIInterfaceOrientationLandscapeLeft UIInterfaceOrientationLandscapeRight";
				INFOPLIST_KEY_UISupportedInterfaceOrientations_iPhone = "UIInterfaceOrientationPortrait UIInterfaceOrientationLandscapeLeft UIInterfaceOrientationLandscapeRight";
				LD_RUNPATH_SEARCH_PATHS = (
					"$(inherited)",
					"@executable_path/Frameworks",
				);
				MARKETING_VERSION = 1.0;
				PRODUCT_BUNDLE_IDENTIFIER = "dev.filipecanzi.MyMarvelApp-FC";
				PRODUCT_NAME = "$(TARGET_NAME)";
				SWIFT_EMIT_LOC_STRINGS = YES;
				SWIFT_VERSION = 5.0;
				TARGETED_DEVICE_FAMILY = "1,2";
			};
			name = Debug;
		};
		5A64C60A293BD0C20057804B /* Release */ = {
			isa = XCBuildConfiguration;
			buildSettings = {
				ASSETCATALOG_COMPILER_APPICON_NAME = AppIcon;
				ASSETCATALOG_COMPILER_GLOBAL_ACCENT_COLOR_NAME = AccentColor;
				CODE_SIGN_STYLE = Automatic;
				CURRENT_PROJECT_VERSION = 1;
				DEVELOPMENT_TEAM = 33YN7VB9QF;
				GENERATE_INFOPLIST_FILE = YES;
				INFOPLIST_FILE = MyMarvelApp_FC/Info.plist;
				INFOPLIST_KEY_UIApplicationSupportsIndirectInputEvents = YES;
				INFOPLIST_KEY_UILaunchStoryboardName = LaunchScreen;
				INFOPLIST_KEY_UISupportedInterfaceOrientations_iPad = "UIInterfaceOrientationPortrait UIInterfaceOrientationPortraitUpsideDown UIInterfaceOrientationLandscapeLeft UIInterfaceOrientationLandscapeRight";
				INFOPLIST_KEY_UISupportedInterfaceOrientations_iPhone = "UIInterfaceOrientationPortrait UIInterfaceOrientationLandscapeLeft UIInterfaceOrientationLandscapeRight";
				LD_RUNPATH_SEARCH_PATHS = (
					"$(inherited)",
					"@executable_path/Frameworks",
				);
				MARKETING_VERSION = 1.0;
				PRODUCT_BUNDLE_IDENTIFIER = "dev.filipecanzi.MyMarvelApp-FC";
				PRODUCT_NAME = "$(TARGET_NAME)";
				SWIFT_EMIT_LOC_STRINGS = YES;
				SWIFT_VERSION = 5.0;
				TARGETED_DEVICE_FAMILY = "1,2";
			};
			name = Release;
		};
/* End XCBuildConfiguration section */

/* Begin XCConfigurationList section */
		5A64C5EC293BD0C10057804B /* Build configuration list for PBXProject "MyMarvelApp_FC" */ = {
			isa = XCConfigurationList;
			buildConfigurations = (
				5A64C606293BD0C20057804B /* Debug */,
				5A64C607293BD0C20057804B /* Release */,
			);
			defaultConfigurationIsVisible = 0;
			defaultConfigurationName = Release;
		};
		5A64C608293BD0C20057804B /* Build configuration list for PBXNativeTarget "MyMarvelApp_FC" */ = {
			isa = XCConfigurationList;
			buildConfigurations = (
				5A64C609293BD0C20057804B /* Debug */,
				5A64C60A293BD0C20057804B /* Release */,
			);
			defaultConfigurationIsVisible = 0;
			defaultConfigurationName = Release;
		};
/* End XCConfigurationList section */

/* Begin XCVersionGroup section */
		5A64C5FD293BD0C10057804B /* MarvelAppDatabase.xcdatamodeld */ = {
			isa = XCVersionGroup;
			children = (
				5A64C5FE293BD0C10057804B /* MyMarvelApp_FC.xcdatamodel */,
			);
			currentVersion = 5A64C5FE293BD0C10057804B /* MyMarvelApp_FC.xcdatamodel */;
			path = MarvelAppDatabase.xcdatamodeld;
			sourceTree = "<group>";
			versionGroupType = wrapper.xcdatamodel;
		};
/* End XCVersionGroup section */
	};
	rootObject = 5A64C5E9293BD0C10057804B /* Project object */;
}
